// !$*UTF8*$!
{
	archiveVersion = 1;
	classes = {
	};
	objectVersion = 55;
	objects = {

/* Begin PBXBuildFile section */
		4CCACA2C2717D0EB00B4C5F6 /* InssagramApp.swift in Sources */ = {isa = PBXBuildFile; fileRef = 4CCACA2B2717D0EB00B4C5F6 /* InssagramApp.swift */; };
		4CCACA2E2717D0EB00B4C5F6 /* ContentView.swift in Sources */ = {isa = PBXBuildFile; fileRef = 4CCACA2D2717D0EB00B4C5F6 /* ContentView.swift */; };
		4CCACA302717D0EE00B4C5F6 /* Assets.xcassets in Resources */ = {isa = PBXBuildFile; fileRef = 4CCACA2F2717D0EE00B4C5F6 /* Assets.xcassets */; };
		4CCACA332717D0EE00B4C5F6 /* Preview Assets.xcassets in Resources */ = {isa = PBXBuildFile; fileRef = 4CCACA322717D0EE00B4C5F6 /* Preview Assets.xcassets */; };
		4CCACA3D2717D0EE00B4C5F6 /* InssagramTests.swift in Sources */ = {isa = PBXBuildFile; fileRef = 4CCACA3C2717D0EE00B4C5F6 /* InssagramTests.swift */; };
		4CCACA472717D0EF00B4C5F6 /* InssagramUITests.swift in Sources */ = {isa = PBXBuildFile; fileRef = 4CCACA462717D0EF00B4C5F6 /* InssagramUITests.swift */; };
		4CCACA492717D0EF00B4C5F6 /* InssagramUITestsLaunchTests.swift in Sources */ = {isa = PBXBuildFile; fileRef = 4CCACA482717D0EF00B4C5F6 /* InssagramUITestsLaunchTests.swift */; };
		4CCACA562717D24B00B4C5F6 /* AppModel.swift in Sources */ = {isa = PBXBuildFile; fileRef = 4CCACA552717D24B00B4C5F6 /* AppModel.swift */; };
		4CCACA592717DFD400B4C5F6 /* NodeDecoder in Frameworks */ = {isa = PBXBuildFile; productRef = 4CCACA582717DFD400B4C5F6 /* NodeDecoder */; };
		4CCACA5D2717E06B00B4C5F6 /* InstagramPrivateAPI in Frameworks */ = {isa = PBXBuildFile; productRef = 4CCACA5C2717E06B00B4C5F6 /* InstagramPrivateAPI */; };
		4CCACA5F2717E3D000B4C5F6 /* LoginView.swift in Sources */ = {isa = PBXBuildFile; fileRef = 4CCACA5E2717E3D000B4C5F6 /* LoginView.swift */; };
		4CCACA612717E44500B4C5F6 /* TimelineViewController.swift in Sources */ = {isa = PBXBuildFile; fileRef = 4CCACA602717E44500B4C5F6 /* TimelineViewController.swift */; };
		4CCACA642717E61700B4C5F6 /* Kingfisher in Frameworks */ = {isa = PBXBuildFile; productRef = 4CCACA632717E61700B4C5F6 /* Kingfisher */; };
		4CCACA662717E87800B4C5F6 /* HashTag.swift in Sources */ = {isa = PBXBuildFile; fileRef = 4CCACA652717E87800B4C5F6 /* HashTag.swift */; };
		4CCACA682717EB9800B4C5F6 /* ProfileView.swift in Sources */ = {isa = PBXBuildFile; fileRef = 4CCACA672717EB9800B4C5F6 /* ProfileView.swift */; };
		4CCACA6A2717EC3200B4C5F6 /* TimelineView.swift in Sources */ = {isa = PBXBuildFile; fileRef = 4CCACA692717EC3200B4C5F6 /* TimelineView.swift */; };
		4CCACA6C2717EDF400B4C5F6 /* nodejs-project in Resources */ = {isa = PBXBuildFile; fileRef = 4CCACA6B2717EDF400B4C5F6 /* nodejs-project */; };
		4CCACA712717F80900B4C5F6 /* LICENSE in Resources */ = {isa = PBXBuildFile; fileRef = 4CCACA6F2717F80900B4C5F6 /* LICENSE */; };
		4CCACA722717F80900B4C5F6 /* README.md in Resources */ = {isa = PBXBuildFile; fileRef = 4CCACA702717F80900B4C5F6 /* README.md */; };
		E1E9C5F527192F7400C8A69D /* InstagramPrivateAPI in Frameworks */ = {isa = PBXBuildFile; productRef = E1E9C5F427192F7400C8A69D /* InstagramPrivateAPI */; };
/* End PBXBuildFile section */

/* Begin PBXContainerItemProxy section */
		4CCACA392717D0EE00B4C5F6 /* PBXContainerItemProxy */ = {
			isa = PBXContainerItemProxy;
			containerPortal = 4CCACA202717D0EB00B4C5F6 /* Project object */;
			proxyType = 1;
			remoteGlobalIDString = 4CCACA272717D0EB00B4C5F6;
			remoteInfo = Inssagram;
		};
		4CCACA432717D0EF00B4C5F6 /* PBXContainerItemProxy */ = {
			isa = PBXContainerItemProxy;
			containerPortal = 4CCACA202717D0EB00B4C5F6 /* Project object */;
			proxyType = 1;
			remoteGlobalIDString = 4CCACA272717D0EB00B4C5F6;
			remoteInfo = Inssagram;
		};
/* End PBXContainerItemProxy section */

/* Begin PBXFileReference section */
		4CCACA282717D0EB00B4C5F6 /* Inssagram.app */ = {isa = PBXFileReference; explicitFileType = wrapper.application; includeInIndex = 0; path = Inssagram.app; sourceTree = BUILT_PRODUCTS_DIR; };
		4CCACA2B2717D0EB00B4C5F6 /* InssagramApp.swift */ = {isa = PBXFileReference; lastKnownFileType = sourcecode.swift; path = InssagramApp.swift; sourceTree = "<group>"; };
		4CCACA2D2717D0EB00B4C5F6 /* ContentView.swift */ = {isa = PBXFileReference; lastKnownFileType = sourcecode.swift; path = ContentView.swift; sourceTree = "<group>"; };
		4CCACA2F2717D0EE00B4C5F6 /* Assets.xcassets */ = {isa = PBXFileReference; lastKnownFileType = folder.assetcatalog; path = Assets.xcassets; sourceTree = "<group>"; };
		4CCACA322717D0EE00B4C5F6 /* Preview Assets.xcassets */ = {isa = PBXFileReference; lastKnownFileType = folder.assetcatalog; path = "Preview Assets.xcassets"; sourceTree = "<group>"; };
		4CCACA382717D0EE00B4C5F6 /* InssagramTests.xctest */ = {isa = PBXFileReference; explicitFileType = wrapper.cfbundle; includeInIndex = 0; path = InssagramTests.xctest; sourceTree = BUILT_PRODUCTS_DIR; };
		4CCACA3C2717D0EE00B4C5F6 /* InssagramTests.swift */ = {isa = PBXFileReference; lastKnownFileType = sourcecode.swift; path = InssagramTests.swift; sourceTree = "<group>"; };
		4CCACA422717D0EF00B4C5F6 /* InssagramUITests.xctest */ = {isa = PBXFileReference; explicitFileType = wrapper.cfbundle; includeInIndex = 0; path = InssagramUITests.xctest; sourceTree = BUILT_PRODUCTS_DIR; };
		4CCACA462717D0EF00B4C5F6 /* InssagramUITests.swift */ = {isa = PBXFileReference; lastKnownFileType = sourcecode.swift; path = InssagramUITests.swift; sourceTree = "<group>"; };
		4CCACA482717D0EF00B4C5F6 /* InssagramUITestsLaunchTests.swift */ = {isa = PBXFileReference; lastKnownFileType = sourcecode.swift; path = InssagramUITestsLaunchTests.swift; sourceTree = "<group>"; };
		4CCACA552717D24B00B4C5F6 /* AppModel.swift */ = {isa = PBXFileReference; lastKnownFileType = sourcecode.swift; path = AppModel.swift; sourceTree = "<group>"; };
		4CCACA5A2717E05E00B4C5F6 /* InstagramPrivateAPI */ = {isa = PBXFileReference; lastKnownFileType = folder; name = InstagramPrivateAPI; path = ../InstagramPrivateAPI; sourceTree = "<group>"; };
		4CCACA5E2717E3D000B4C5F6 /* LoginView.swift */ = {isa = PBXFileReference; lastKnownFileType = sourcecode.swift; path = LoginView.swift; sourceTree = "<group>"; };
		4CCACA602717E44500B4C5F6 /* TimelineViewController.swift */ = {isa = PBXFileReference; lastKnownFileType = sourcecode.swift; path = TimelineViewController.swift; sourceTree = "<group>"; };
		4CCACA652717E87800B4C5F6 /* HashTag.swift */ = {isa = PBXFileReference; lastKnownFileType = sourcecode.swift; path = HashTag.swift; sourceTree = "<group>"; };
		4CCACA672717EB9800B4C5F6 /* ProfileView.swift */ = {isa = PBXFileReference; lastKnownFileType = sourcecode.swift; path = ProfileView.swift; sourceTree = "<group>"; };
		4CCACA692717EC3200B4C5F6 /* TimelineView.swift */ = {isa = PBXFileReference; lastKnownFileType = sourcecode.swift; path = TimelineView.swift; sourceTree = "<group>"; };
		4CCACA6B2717EDF400B4C5F6 /* nodejs-project */ = {isa = PBXFileReference; fileEncoding = 4; lastKnownFileType = text; path = "nodejs-project"; sourceTree = SOURCE_ROOT; };
		4CCACA6D2717F21D00B4C5F6 /* NodeBridge */ = {isa = PBXFileReference; lastKnownFileType = folder; name = NodeBridge; path = ../NodeBridge; sourceTree = "<group>"; };
		4CCACA6F2717F80900B4C5F6 /* LICENSE */ = {isa = PBXFileReference; fileEncoding = 4; lastKnownFileType = text; path = LICENSE; sourceTree = "<group>"; };
		4CCACA702717F80900B4C5F6 /* README.md */ = {isa = PBXFileReference; fileEncoding = 4; lastKnownFileType = net.daringfireball.markdown; path = README.md; sourceTree = "<group>"; };
/* End PBXFileReference section */

/* Begin PBXFrameworksBuildPhase section */
		4CCACA252717D0EB00B4C5F6 /* Frameworks */ = {
			isa = PBXFrameworksBuildPhase;
			buildActionMask = 2147483647;
			files = (
				4CCACA642717E61700B4C5F6 /* Kingfisher in Frameworks */,
				4CCACA5D2717E06B00B4C5F6 /* InstagramPrivateAPI in Frameworks */,
				E1E9C5F527192F7400C8A69D /* InstagramPrivateAPI in Frameworks */,
				4CCACA592717DFD400B4C5F6 /* NodeDecoder in Frameworks */,
			);
			runOnlyForDeploymentPostprocessing = 0;
		};
		4CCACA352717D0EE00B4C5F6 /* Frameworks */ = {
			isa = PBXFrameworksBuildPhase;
			buildActionMask = 2147483647;
			files = (
			);
			runOnlyForDeploymentPostprocessing = 0;
		};
		4CCACA3F2717D0EF00B4C5F6 /* Frameworks */ = {
			isa = PBXFrameworksBuildPhase;
			buildActionMask = 2147483647;
			files = (
			);
			runOnlyForDeploymentPostprocessing = 0;
		};
/* End PBXFrameworksBuildPhase section */

/* Begin PBXGroup section */
		4CCACA1F2717D0EB00B4C5F6 = {
			isa = PBXGroup;
			children = (
				4CCACA702717F80900B4C5F6 /* README.md */,
				4CCACA6F2717F80900B4C5F6 /* LICENSE */,
				4CCACA6D2717F21D00B4C5F6 /* NodeBridge */,
				4CCACA5A2717E05E00B4C5F6 /* InstagramPrivateAPI */,
				4CCACA2A2717D0EB00B4C5F6 /* Inssagram */,
				4CCACA3B2717D0EE00B4C5F6 /* InssagramTests */,
				4CCACA452717D0EF00B4C5F6 /* InssagramUITests */,
				4CCACA292717D0EB00B4C5F6 /* Products */,
				4CCACA5B2717E06B00B4C5F6 /* Frameworks */,
			);
			sourceTree = "<group>";
		};
		4CCACA292717D0EB00B4C5F6 /* Products */ = {
			isa = PBXGroup;
			children = (
				4CCACA282717D0EB00B4C5F6 /* Inssagram.app */,
				4CCACA382717D0EE00B4C5F6 /* InssagramTests.xctest */,
				4CCACA422717D0EF00B4C5F6 /* InssagramUITests.xctest */,
			);
			name = Products;
			sourceTree = "<group>";
		};
		4CCACA2A2717D0EB00B4C5F6 /* Inssagram */ = {
			isa = PBXGroup;
			children = (
				4CCACA6B2717EDF400B4C5F6 /* nodejs-project */,
				4CCACA2B2717D0EB00B4C5F6 /* InssagramApp.swift */,
				4CCACA2D2717D0EB00B4C5F6 /* ContentView.swift */,
				4CCACA5E2717E3D000B4C5F6 /* LoginView.swift */,
				4CCACA672717EB9800B4C5F6 /* ProfileView.swift */,
				4CCACA692717EC3200B4C5F6 /* TimelineView.swift */,
				4CCACA602717E44500B4C5F6 /* TimelineViewController.swift */,
				4CCACA552717D24B00B4C5F6 /* AppModel.swift */,
				4CCACA652717E87800B4C5F6 /* HashTag.swift */,
				4CCACA2F2717D0EE00B4C5F6 /* Assets.xcassets */,
				4CCACA312717D0EE00B4C5F6 /* Preview Content */,
			);
			path = Inssagram;
			sourceTree = "<group>";
		};
		4CCACA312717D0EE00B4C5F6 /* Preview Content */ = {
			isa = PBXGroup;
			children = (
				4CCACA322717D0EE00B4C5F6 /* Preview Assets.xcassets */,
			);
			path = "Preview Content";
			sourceTree = "<group>";
		};
		4CCACA3B2717D0EE00B4C5F6 /* InssagramTests */ = {
			isa = PBXGroup;
			children = (
				4CCACA3C2717D0EE00B4C5F6 /* InssagramTests.swift */,
			);
			path = InssagramTests;
			sourceTree = "<group>";
		};
		4CCACA452717D0EF00B4C5F6 /* InssagramUITests */ = {
			isa = PBXGroup;
			children = (
				4CCACA462717D0EF00B4C5F6 /* InssagramUITests.swift */,
				4CCACA482717D0EF00B4C5F6 /* InssagramUITestsLaunchTests.swift */,
			);
			path = InssagramUITests;
			sourceTree = "<group>";
		};
		4CCACA5B2717E06B00B4C5F6 /* Frameworks */ = {
			isa = PBXGroup;
			children = (
			);
			name = Frameworks;
			sourceTree = "<group>";
		};
/* End PBXGroup section */

/* Begin PBXNativeTarget section */
		4CCACA272717D0EB00B4C5F6 /* Inssagram */ = {
			isa = PBXNativeTarget;
			buildConfigurationList = 4CCACA4C2717D0EF00B4C5F6 /* Build configuration list for PBXNativeTarget "Inssagram" */;
			buildPhases = (
				4CCACA242717D0EB00B4C5F6 /* Sources */,
				4CCACA252717D0EB00B4C5F6 /* Frameworks */,
				4CCACA6E2717F46800B4C5F6 /* ShellScript */,
				4CCACA262717D0EB00B4C5F6 /* Resources */,
			);
			buildRules = (
			);
			dependencies = (
			);
			name = Inssagram;
			packageProductDependencies = (
				4CCACA582717DFD400B4C5F6 /* NodeDecoder */,
				4CCACA5C2717E06B00B4C5F6 /* InstagramPrivateAPI */,
				4CCACA632717E61700B4C5F6 /* Kingfisher */,
				E1E9C5F427192F7400C8A69D /* InstagramPrivateAPI */,
			);
			productName = Inssagram;
			productReference = 4CCACA282717D0EB00B4C5F6 /* Inssagram.app */;
			productType = "com.apple.product-type.application";
		};
		4CCACA372717D0EE00B4C5F6 /* InssagramTests */ = {
			isa = PBXNativeTarget;
			buildConfigurationList = 4CCACA4F2717D0EF00B4C5F6 /* Build configuration list for PBXNativeTarget "InssagramTests" */;
			buildPhases = (
				4CCACA342717D0EE00B4C5F6 /* Sources */,
				4CCACA352717D0EE00B4C5F6 /* Frameworks */,
				4CCACA362717D0EE00B4C5F6 /* Resources */,
			);
			buildRules = (
			);
			dependencies = (
				4CCACA3A2717D0EE00B4C5F6 /* PBXTargetDependency */,
			);
			name = InssagramTests;
			productName = InssagramTests;
			productReference = 4CCACA382717D0EE00B4C5F6 /* InssagramTests.xctest */;
			productType = "com.apple.product-type.bundle.unit-test";
		};
		4CCACA412717D0EF00B4C5F6 /* InssagramUITests */ = {
			isa = PBXNativeTarget;
			buildConfigurationList = 4CCACA522717D0EF00B4C5F6 /* Build configuration list for PBXNativeTarget "InssagramUITests" */;
			buildPhases = (
				4CCACA3E2717D0EF00B4C5F6 /* Sources */,
				4CCACA3F2717D0EF00B4C5F6 /* Frameworks */,
				4CCACA402717D0EF00B4C5F6 /* Resources */,
			);
			buildRules = (
			);
			dependencies = (
				4CCACA442717D0EF00B4C5F6 /* PBXTargetDependency */,
			);
			name = InssagramUITests;
			productName = InssagramUITests;
			productReference = 4CCACA422717D0EF00B4C5F6 /* InssagramUITests.xctest */;
			productType = "com.apple.product-type.bundle.ui-testing";
		};
/* End PBXNativeTarget section */

/* Begin PBXProject section */
		4CCACA202717D0EB00B4C5F6 /* Project object */ = {
			isa = PBXProject;
			attributes = {
				BuildIndependentTargetsInParallel = 1;
				LastSwiftUpdateCheck = 1300;
				LastUpgradeCheck = 1300;
				TargetAttributes = {
					4CCACA272717D0EB00B4C5F6 = {
						CreatedOnToolsVersion = 13.0;
					};
					4CCACA372717D0EE00B4C5F6 = {
						CreatedOnToolsVersion = 13.0;
						TestTargetID = 4CCACA272717D0EB00B4C5F6;
					};
					4CCACA412717D0EF00B4C5F6 = {
						CreatedOnToolsVersion = 13.0;
						TestTargetID = 4CCACA272717D0EB00B4C5F6;
					};
				};
			};
			buildConfigurationList = 4CCACA232717D0EB00B4C5F6 /* Build configuration list for PBXProject "Inssagram" */;
			compatibilityVersion = "Xcode 13.0";
			developmentRegion = en;
			hasScannedForEncodings = 0;
			knownRegions = (
				en,
				Base,
			);
			mainGroup = 4CCACA1F2717D0EB00B4C5F6;
			packageReferences = (
				4CCACA572717DFD400B4C5F6 /* XCRemoteSwiftPackageReference "NodeDecoder" */,
				4CCACA622717E61700B4C5F6 /* XCRemoteSwiftPackageReference "Kingfisher" */,
				E1E9C5F327192F7400C8A69D /* XCRemoteSwiftPackageReference "InstagramPrivateAPI" */,
			);
			productRefGroup = 4CCACA292717D0EB00B4C5F6 /* Products */;
			projectDirPath = "";
			projectRoot = "";
			targets = (
				4CCACA272717D0EB00B4C5F6 /* Inssagram */,
				4CCACA372717D0EE00B4C5F6 /* InssagramTests */,
				4CCACA412717D0EF00B4C5F6 /* InssagramUITests */,
			);
		};
/* End PBXProject section */

/* Begin PBXResourcesBuildPhase section */
		4CCACA262717D0EB00B4C5F6 /* Resources */ = {
			isa = PBXResourcesBuildPhase;
			buildActionMask = 2147483647;
			files = (
				4CCACA6C2717EDF400B4C5F6 /* nodejs-project in Resources */,
				4CCACA332717D0EE00B4C5F6 /* Preview Assets.xcassets in Resources */,
				4CCACA722717F80900B4C5F6 /* README.md in Resources */,
				4CCACA712717F80900B4C5F6 /* LICENSE in Resources */,
				4CCACA302717D0EE00B4C5F6 /* Assets.xcassets in Resources */,
			);
			runOnlyForDeploymentPostprocessing = 0;
		};
		4CCACA362717D0EE00B4C5F6 /* Resources */ = {
			isa = PBXResourcesBuildPhase;
			buildActionMask = 2147483647;
			files = (
			);
			runOnlyForDeploymentPostprocessing = 0;
		};
		4CCACA402717D0EF00B4C5F6 /* Resources */ = {
			isa = PBXResourcesBuildPhase;
			buildActionMask = 2147483647;
			files = (
			);
			runOnlyForDeploymentPostprocessing = 0;
		};
/* End PBXResourcesBuildPhase section */

/* Begin PBXShellScriptBuildPhase section */
		4CCACA6E2717F46800B4C5F6 /* ShellScript */ = {
			isa = PBXShellScriptBuildPhase;
			buildActionMask = 2147483647;
			files = (
			);
			inputFileListPaths = (
			);
			inputPaths = (
			);
			outputFileListPaths = (
			);
			outputPaths = (
				"$(PROJECT_DIR)/nodejs-project/node_modules",
			);
			runOnlyForDeploymentPostprocessing = 0;
			shellPath = /bin/sh;
			shellScript = "cd $PROJECT_DIR/nodejs-project\nexport PATH=$PATH:/opt/homebrew/bin\nnpm install instagram-private-api\n";
		};
/* End PBXShellScriptBuildPhase section */

/* Begin PBXSourcesBuildPhase section */
		4CCACA242717D0EB00B4C5F6 /* Sources */ = {
			isa = PBXSourcesBuildPhase;
			buildActionMask = 2147483647;
			files = (
				4CCACA2E2717D0EB00B4C5F6 /* ContentView.swift in Sources */,
				4CCACA562717D24B00B4C5F6 /* AppModel.swift in Sources */,
				4CCACA5F2717E3D000B4C5F6 /* LoginView.swift in Sources */,
				4CCACA2C2717D0EB00B4C5F6 /* InssagramApp.swift in Sources */,
				4CCACA662717E87800B4C5F6 /* HashTag.swift in Sources */,
				4CCACA682717EB9800B4C5F6 /* ProfileView.swift in Sources */,
				4CCACA612717E44500B4C5F6 /* TimelineViewController.swift in Sources */,
				4CCACA6A2717EC3200B4C5F6 /* TimelineView.swift in Sources */,
			);
			runOnlyForDeploymentPostprocessing = 0;
		};
		4CCACA342717D0EE00B4C5F6 /* Sources */ = {
			isa = PBXSourcesBuildPhase;
			buildActionMask = 2147483647;
			files = (
				4CCACA3D2717D0EE00B4C5F6 /* InssagramTests.swift in Sources */,
			);
			runOnlyForDeploymentPostprocessing = 0;
		};
		4CCACA3E2717D0EF00B4C5F6 /* Sources */ = {
			isa = PBXSourcesBuildPhase;
			buildActionMask = 2147483647;
			files = (
				4CCACA492717D0EF00B4C5F6 /* InssagramUITestsLaunchTests.swift in Sources */,
				4CCACA472717D0EF00B4C5F6 /* InssagramUITests.swift in Sources */,
			);
			runOnlyForDeploymentPostprocessing = 0;
		};
/* End PBXSourcesBuildPhase section */

/* Begin PBXTargetDependency section */
		4CCACA3A2717D0EE00B4C5F6 /* PBXTargetDependency */ = {
			isa = PBXTargetDependency;
			target = 4CCACA272717D0EB00B4C5F6 /* Inssagram */;
			targetProxy = 4CCACA392717D0EE00B4C5F6 /* PBXContainerItemProxy */;
		};
		4CCACA442717D0EF00B4C5F6 /* PBXTargetDependency */ = {
			isa = PBXTargetDependency;
			target = 4CCACA272717D0EB00B4C5F6 /* Inssagram */;
			targetProxy = 4CCACA432717D0EF00B4C5F6 /* PBXContainerItemProxy */;
		};
/* End PBXTargetDependency section */

/* Begin XCBuildConfiguration section */
		4CCACA4A2717D0EF00B4C5F6 /* Debug */ = {
			isa = XCBuildConfiguration;
			buildSettings = {
				ALWAYS_SEARCH_USER_PATHS = NO;
				CLANG_ANALYZER_NONNULL = YES;
				CLANG_ANALYZER_NUMBER_OBJECT_CONVERSION = YES_AGGRESSIVE;
				CLANG_CXX_LANGUAGE_STANDARD = "gnu++17";
				CLANG_CXX_LIBRARY = "libc++";
				CLANG_ENABLE_MODULES = YES;
				CLANG_ENABLE_OBJC_ARC = YES;
				CLANG_ENABLE_OBJC_WEAK = YES;
				CLANG_WARN_BLOCK_CAPTURE_AUTORELEASING = YES;
				CLANG_WARN_BOOL_CONVERSION = YES;
				CLANG_WARN_COMMA = YES;
				CLANG_WARN_CONSTANT_CONVERSION = YES;
				CLANG_WARN_DEPRECATED_OBJC_IMPLEMENTATIONS = YES;
				CLANG_WARN_DIRECT_OBJC_ISA_USAGE = YES_ERROR;
				CLANG_WARN_DOCUMENTATION_COMMENTS = YES;
				CLANG_WARN_EMPTY_BODY = YES;
				CLANG_WARN_ENUM_CONVERSION = YES;
				CLANG_WARN_INFINITE_RECURSION = YES;
				CLANG_WARN_INT_CONVERSION = YES;
				CLANG_WARN_NON_LITERAL_NULL_CONVERSION = YES;
				CLANG_WARN_OBJC_IMPLICIT_RETAIN_SELF = YES;
				CLANG_WARN_OBJC_LITERAL_CONVERSION = YES;
				CLANG_WARN_OBJC_ROOT_CLASS = YES_ERROR;
				CLANG_WARN_QUOTED_INCLUDE_IN_FRAMEWORK_HEADER = YES;
				CLANG_WARN_RANGE_LOOP_ANALYSIS = YES;
				CLANG_WARN_STRICT_PROTOTYPES = YES;
				CLANG_WARN_SUSPICIOUS_MOVE = YES;
				CLANG_WARN_UNGUARDED_AVAILABILITY = YES_AGGRESSIVE;
				CLANG_WARN_UNREACHABLE_CODE = YES;
				CLANG_WARN__DUPLICATE_METHOD_MATCH = YES;
				COPY_PHASE_STRIP = NO;
				DEBUG_INFORMATION_FORMAT = dwarf;
				ENABLE_STRICT_OBJC_MSGSEND = YES;
				ENABLE_TESTABILITY = YES;
				GCC_C_LANGUAGE_STANDARD = gnu11;
				GCC_DYNAMIC_NO_PIC = NO;
				GCC_NO_COMMON_BLOCKS = YES;
				GCC_OPTIMIZATION_LEVEL = 0;
				GCC_PREPROCESSOR_DEFINITIONS = (
					"DEBUG=1",
					"$(inherited)",
				);
				GCC_WARN_64_TO_32_BIT_CONVERSION = YES;
				GCC_WARN_ABOUT_RETURN_TYPE = YES_ERROR;
				GCC_WARN_UNDECLARED_SELECTOR = YES;
				GCC_WARN_UNINITIALIZED_AUTOS = YES_AGGRESSIVE;
				GCC_WARN_UNUSED_FUNCTION = YES;
				GCC_WARN_UNUSED_VARIABLE = YES;
				IPHONEOS_DEPLOYMENT_TARGET = 15.0;
				MTL_ENABLE_DEBUG_INFO = INCLUDE_SOURCE;
				MTL_FAST_MATH = YES;
				ONLY_ACTIVE_ARCH = YES;
				SDKROOT = iphoneos;
				SWIFT_ACTIVE_COMPILATION_CONDITIONS = DEBUG;
				SWIFT_OPTIMIZATION_LEVEL = "-Onone";
			};
			name = Debug;
		};
		4CCACA4B2717D0EF00B4C5F6 /* Release */ = {
			isa = XCBuildConfiguration;
			buildSettings = {
				ALWAYS_SEARCH_USER_PATHS = NO;
				CLANG_ANALYZER_NONNULL = YES;
				CLANG_ANALYZER_NUMBER_OBJECT_CONVERSION = YES_AGGRESSIVE;
				CLANG_CXX_LANGUAGE_STANDARD = "gnu++17";
				CLANG_CXX_LIBRARY = "libc++";
				CLANG_ENABLE_MODULES = YES;
				CLANG_ENABLE_OBJC_ARC = YES;
				CLANG_ENABLE_OBJC_WEAK = YES;
				CLANG_WARN_BLOCK_CAPTURE_AUTORELEASING = YES;
				CLANG_WARN_BOOL_CONVERSION = YES;
				CLANG_WARN_COMMA = YES;
				CLANG_WARN_CONSTANT_CONVERSION = YES;
				CLANG_WARN_DEPRECATED_OBJC_IMPLEMENTATIONS = YES;
				CLANG_WARN_DIRECT_OBJC_ISA_USAGE = YES_ERROR;
				CLANG_WARN_DOCUMENTATION_COMMENTS = YES;
				CLANG_WARN_EMPTY_BODY = YES;
				CLANG_WARN_ENUM_CONVERSION = YES;
				CLANG_WARN_INFINITE_RECURSION = YES;
				CLANG_WARN_INT_CONVERSION = YES;
				CLANG_WARN_NON_LITERAL_NULL_CONVERSION = YES;
				CLANG_WARN_OBJC_IMPLICIT_RETAIN_SELF = YES;
				CLANG_WARN_OBJC_LITERAL_CONVERSION = YES;
				CLANG_WARN_OBJC_ROOT_CLASS = YES_ERROR;
				CLANG_WARN_QUOTED_INCLUDE_IN_FRAMEWORK_HEADER = YES;
				CLANG_WARN_RANGE_LOOP_ANALYSIS = YES;
				CLANG_WARN_STRICT_PROTOTYPES = YES;
				CLANG_WARN_SUSPICIOUS_MOVE = YES;
				CLANG_WARN_UNGUARDED_AVAILABILITY = YES_AGGRESSIVE;
				CLANG_WARN_UNREACHABLE_CODE = YES;
				CLANG_WARN__DUPLICATE_METHOD_MATCH = YES;
				COPY_PHASE_STRIP = NO;
				DEBUG_INFORMATION_FORMAT = "dwarf-with-dsym";
				ENABLE_NS_ASSERTIONS = NO;
				ENABLE_STRICT_OBJC_MSGSEND = YES;
				GCC_C_LANGUAGE_STANDARD = gnu11;
				GCC_NO_COMMON_BLOCKS = YES;
				GCC_WARN_64_TO_32_BIT_CONVERSION = YES;
				GCC_WARN_ABOUT_RETURN_TYPE = YES_ERROR;
				GCC_WARN_UNDECLARED_SELECTOR = YES;
				GCC_WARN_UNINITIALIZED_AUTOS = YES_AGGRESSIVE;
				GCC_WARN_UNUSED_FUNCTION = YES;
				GCC_WARN_UNUSED_VARIABLE = YES;
				IPHONEOS_DEPLOYMENT_TARGET = 15.0;
				MTL_ENABLE_DEBUG_INFO = NO;
				MTL_FAST_MATH = YES;
				SDKROOT = iphoneos;
				SWIFT_COMPILATION_MODE = wholemodule;
				SWIFT_OPTIMIZATION_LEVEL = "-O";
				VALIDATE_PRODUCT = YES;
			};
			name = Release;
		};
		4CCACA4D2717D0EF00B4C5F6 /* Debug */ = {
			isa = XCBuildConfiguration;
			buildSettings = {
				ASSETCATALOG_COMPILER_APPICON_NAME = AppIcon;
				ASSETCATALOG_COMPILER_GLOBAL_ACCENT_COLOR_NAME = AccentColor;
				CODE_SIGN_STYLE = Automatic;
				CURRENT_PROJECT_VERSION = 1;
				DEVELOPMENT_ASSET_PATHS = "\"Inssagram/Preview Content\"";
				ENABLE_PREVIEWS = YES;
				GENERATE_INFOPLIST_FILE = YES;
				INFOPLIST_KEY_UIApplicationSceneManifest_Generation = YES;
				INFOPLIST_KEY_UIApplicationSupportsIndirectInputEvents = YES;
				INFOPLIST_KEY_UILaunchScreen_Generation = YES;
				INFOPLIST_KEY_UISupportedInterfaceOrientations_iPad = "UIInterfaceOrientationPortrait UIInterfaceOrientationPortraitUpsideDown UIInterfaceOrientationLandscapeLeft UIInterfaceOrientationLandscapeRight";
				INFOPLIST_KEY_UISupportedInterfaceOrientations_iPhone = "UIInterfaceOrientationPortrait UIInterfaceOrientationLandscapeLeft UIInterfaceOrientationLandscapeRight";
				IPHONEOS_DEPLOYMENT_TARGET = 14.0;
				LD_RUNPATH_SEARCH_PATHS = (
					"$(inherited)",
					"@executable_path/Frameworks",
				);
				MARKETING_VERSION = 1.0;
				PRODUCT_BUNDLE_IDENTIFIER = io.github.kewlbear.Inssagram;
				PRODUCT_NAME = "$(TARGET_NAME)";
				SWIFT_EMIT_LOC_STRINGS = YES;
				SWIFT_VERSION = 5.0;
				TARGETED_DEVICE_FAMILY = "1,2";
			};
			name = Debug;
		};
		4CCACA4E2717D0EF00B4C5F6 /* Release */ = {
			isa = XCBuildConfiguration;
			buildSettings = {
				ASSETCATALOG_COMPILER_APPICON_NAME = AppIcon;
				ASSETCATALOG_COMPILER_GLOBAL_ACCENT_COLOR_NAME = AccentColor;
				CODE_SIGN_STYLE = Automatic;
				CURRENT_PROJECT_VERSION = 1;
				DEVELOPMENT_ASSET_PATHS = "\"Inssagram/Preview Content\"";
				ENABLE_PREVIEWS = YES;
				GENERATE_INFOPLIST_FILE = YES;
				INFOPLIST_KEY_UIApplicationSceneManifest_Generation = YES;
				INFOPLIST_KEY_UIApplicationSupportsIndirectInputEvents = YES;
				INFOPLIST_KEY_UILaunchScreen_Generation = YES;
				INFOPLIST_KEY_UISupportedInterfaceOrientations_iPad = "UIInterfaceOrientationPortrait UIInterfaceOrientationPortraitUpsideDown UIInterfaceOrientationLandscapeLeft UIInterfaceOrientationLandscapeRight";
				INFOPLIST_KEY_UISupportedInterfaceOrientations_iPhone = "UIInterfaceOrientationPortrait UIInterfaceOrientationLandscapeLeft UIInterfaceOrientationLandscapeRight";
				IPHONEOS_DEPLOYMENT_TARGET = 14.0;
				LD_RUNPATH_SEARCH_PATHS = (
					"$(inherited)",
					"@executable_path/Frameworks",
				);
				MARKETING_VERSION = 1.0;
				PRODUCT_BUNDLE_IDENTIFIER = io.github.kewlbear.Inssagram;
				PRODUCT_NAME = "$(TARGET_NAME)";
				SWIFT_EMIT_LOC_STRINGS = YES;
				SWIFT_VERSION = 5.0;
				TARGETED_DEVICE_FAMILY = "1,2";
			};
			name = Release;
		};
		4CCACA502717D0EF00B4C5F6 /* Debug */ = {
			isa = XCBuildConfiguration;
			buildSettings = {
				ALWAYS_EMBED_SWIFT_STANDARD_LIBRARIES = YES;
				BUNDLE_LOADER = "$(TEST_HOST)";
				CODE_SIGN_STYLE = Automatic;
				CURRENT_PROJECT_VERSION = 1;
				GENERATE_INFOPLIST_FILE = YES;
				IPHONEOS_DEPLOYMENT_TARGET = 14.0;
				LD_RUNPATH_SEARCH_PATHS = (
					"$(inherited)",
					"@executable_path/Frameworks",
					"@loader_path/Frameworks",
				);
				MARKETING_VERSION = 1.0;
				PRODUCT_BUNDLE_IDENTIFIER = io.github.kewlbear.InssagramTests;
				PRODUCT_NAME = "$(TARGET_NAME)";
				SWIFT_EMIT_LOC_STRINGS = NO;
				SWIFT_VERSION = 5.0;
				TARGETED_DEVICE_FAMILY = "1,2";
				TEST_HOST = "$(BUILT_PRODUCTS_DIR)/Inssagram.app/Inssagram";
			};
			name = Debug;
		};
		4CCACA512717D0EF00B4C5F6 /* Release */ = {
			isa = XCBuildConfiguration;
			buildSettings = {
				ALWAYS_EMBED_SWIFT_STANDARD_LIBRARIES = YES;
				BUNDLE_LOADER = "$(TEST_HOST)";
				CODE_SIGN_STYLE = Automatic;
				CURRENT_PROJECT_VERSION = 1;
				GENERATE_INFOPLIST_FILE = YES;
				IPHONEOS_DEPLOYMENT_TARGET = 14.0;
				LD_RUNPATH_SEARCH_PATHS = (
					"$(inherited)",
					"@executable_path/Frameworks",
					"@loader_path/Frameworks",
				);
				MARKETING_VERSION = 1.0;
				PRODUCT_BUNDLE_IDENTIFIER = io.github.kewlbear.InssagramTests;
				PRODUCT_NAME = "$(TARGET_NAME)";
				SWIFT_EMIT_LOC_STRINGS = NO;
				SWIFT_VERSION = 5.0;
				TARGETED_DEVICE_FAMILY = "1,2";
				TEST_HOST = "$(BUILT_PRODUCTS_DIR)/Inssagram.app/Inssagram";
			};
			name = Release;
		};
		4CCACA532717D0EF00B4C5F6 /* Debug */ = {
			isa = XCBuildConfiguration;
			buildSettings = {
				ALWAYS_EMBED_SWIFT_STANDARD_LIBRARIES = YES;
				CODE_SIGN_STYLE = Automatic;
				CURRENT_PROJECT_VERSION = 1;
				GENERATE_INFOPLIST_FILE = YES;
				LD_RUNPATH_SEARCH_PATHS = (
					"$(inherited)",
					"@executable_path/Frameworks",
					"@loader_path/Frameworks",
				);
				MARKETING_VERSION = 1.0;
				PRODUCT_BUNDLE_IDENTIFIER = io.github.kewlbear.InssagramUITests;
				PRODUCT_NAME = "$(TARGET_NAME)";
				SWIFT_EMIT_LOC_STRINGS = NO;
				SWIFT_VERSION = 5.0;
				TARGETED_DEVICE_FAMILY = "1,2";
				TEST_TARGET_NAME = Inssagram;
			};
			name = Debug;
		};
		4CCACA542717D0EF00B4C5F6 /* Release */ = {
			isa = XCBuildConfiguration;
			buildSettings = {
				ALWAYS_EMBED_SWIFT_STANDARD_LIBRARIES = YES;
				CODE_SIGN_STYLE = Automatic;
				CURRENT_PROJECT_VERSION = 1;
				GENERATE_INFOPLIST_FILE = YES;
				LD_RUNPATH_SEARCH_PATHS = (
					"$(inherited)",
					"@executable_path/Frameworks",
					"@loader_path/Frameworks",
				);
				MARKETING_VERSION = 1.0;
				PRODUCT_BUNDLE_IDENTIFIER = io.github.kewlbear.InssagramUITests;
				PRODUCT_NAME = "$(TARGET_NAME)";
				SWIFT_EMIT_LOC_STRINGS = NO;
				SWIFT_VERSION = 5.0;
				TARGETED_DEVICE_FAMILY = "1,2";
				TEST_TARGET_NAME = Inssagram;
			};
			name = Release;
		};
/* End XCBuildConfiguration section */

/* Begin XCConfigurationList section */
		4CCACA232717D0EB00B4C5F6 /* Build configuration list for PBXProject "Inssagram" */ = {
			isa = XCConfigurationList;
			buildConfigurations = (
				4CCACA4A2717D0EF00B4C5F6 /* Debug */,
				4CCACA4B2717D0EF00B4C5F6 /* Release */,
			);
			defaultConfigurationIsVisible = 0;
			defaultConfigurationName = Release;
		};
		4CCACA4C2717D0EF00B4C5F6 /* Build configuration list for PBXNativeTarget "Inssagram" */ = {
			isa = XCConfigurationList;
			buildConfigurations = (
				4CCACA4D2717D0EF00B4C5F6 /* Debug */,
				4CCACA4E2717D0EF00B4C5F6 /* Release */,
			);
			defaultConfigurationIsVisible = 0;
			defaultConfigurationName = Release;
		};
		4CCACA4F2717D0EF00B4C5F6 /* Build configuration list for PBXNativeTarget "InssagramTests" */ = {
			isa = XCConfigurationList;
			buildConfigurations = (
				4CCACA502717D0EF00B4C5F6 /* Debug */,
				4CCACA512717D0EF00B4C5F6 /* Release */,
			);
			defaultConfigurationIsVisible = 0;
			defaultConfigurationName = Release;
		};
		4CCACA522717D0EF00B4C5F6 /* Build configuration list for PBXNativeTarget "InssagramUITests" */ = {
			isa = XCConfigurationList;
			buildConfigurations = (
				4CCACA532717D0EF00B4C5F6 /* Debug */,
				4CCACA542717D0EF00B4C5F6 /* Release */,
			);
			defaultConfigurationIsVisible = 0;
			defaultConfigurationName = Release;
		};
/* End XCConfigurationList section */

/* Begin XCRemoteSwiftPackageReference section */
		4CCACA572717DFD400B4C5F6 /* XCRemoteSwiftPackageReference "NodeDecoder" */ = {
			isa = XCRemoteSwiftPackageReference;
			repositoryURL = "https://github.com/kewlbear/NodeDecoder.git";
			requirement = {
				branch = main;
				kind = branch;
			};
		};
		4CCACA622717E61700B4C5F6 /* XCRemoteSwiftPackageReference "Kingfisher" */ = {
			isa = XCRemoteSwiftPackageReference;
			repositoryURL = "https://github.com/onevcat/Kingfisher.git";
			requirement = {
				kind = upToNextMajorVersion;
				minimumVersion = 7.0.0;
			};
		};
		E1E9C5F327192F7400C8A69D /* XCRemoteSwiftPackageReference "InstagramPrivateAPI" */ = {
			isa = XCRemoteSwiftPackageReference;
			repositoryURL = "https://github.com/kewlbear/InstagramPrivateAPI.git";
			requirement = {
				kind = upToNextMajorVersion;
				minimumVersion = 0.0.1;
			};
		};
/* End XCRemoteSwiftPackageReference section */

/* Begin XCSwiftPackageProductDependency section */
		4CCACA582717DFD400B4C5F6 /* NodeDecoder */ = {
			isa = XCSwiftPackageProductDependency;
			package = 4CCACA572717DFD400B4C5F6 /* XCRemoteSwiftPackageReference "NodeDecoder" */;
			productName = NodeDecoder;
		};
		4CCACA5C2717E06B00B4C5F6 /* InstagramPrivateAPI */ = {
			isa = XCSwiftPackageProductDependency;
			productName = InstagramPrivateAPI;
		};
		4CCACA632717E61700B4C5F6 /* Kingfisher */ = {
			isa = XCSwiftPackageProductDependency;
			package = 4CCACA622717E61700B4C5F6 /* XCRemoteSwiftPackageReference "Kingfisher" */;
			productName = Kingfisher;
		};
		E1E9C5F427192F7400C8A69D /* InstagramPrivateAPI */ = {
			isa = XCSwiftPackageProductDependency;
			package = E1E9C5F327192F7400C8A69D /* XCRemoteSwiftPackageReference "InstagramPrivateAPI" */;
			productName = InstagramPrivateAPI;
		};
/* End XCSwiftPackageProductDependency section */
	};
	rootObject = 4CCACA202717D0EB00B4C5F6 /* Project object */;
}
